
Microsoft Visual Studio Solution File, Format Version 12.00
# Visual Studio Version 16
VisualStudioVersion = 16.0.31702.278
MinimumVisualStudioVersion = 10.0.40219.1
Project("{FAE04EC0-301F-11D3-BF4B-00C04F79EFBC}") = "17.29.10.2021-class-practise", "17.29.10.2021-class-practise\17.29.10.2021-class-practise.csproj", "{5C8EC1A8-7F74-4347-9993-C419F539E2D2}"
EndProject
Global
	GlobalSection(SolutionConfigurationPlatforms) = preSolution
		Debug|Any CPU = Debug|Any CPU
		Release|Any CPU = Release|Any CPU
	EndGlobalSection
	GlobalSection(ProjectConfigurationPlatforms) = postSolution
		{5C8EC1A8-7F74-4347-9993-C419F539E2D2}.Debug|Any CPU.ActiveCfg = Debug|Any CPU
		{5C8EC1A8-7F74-4347-9993-C419F539E2D2}.Debug|Any CPU.Build.0 = Debug|Any CPU
		{5C8EC1A8-7F74-4347-9993-C419F539E2D2}.Release|Any CPU.ActiveCfg = Release|Any CPU
		{5C8EC1A8-7F74-4347-9993-C419F539E2D2}.Release|Any CPU.Build.0 = Release|Any CPU
	EndGlobalSection
	GlobalSection(SolutionProperties) = preSolution
		HideSolutionNode = FALSE
	EndGlobalSection
	GlobalSection(ExtensibilityGlobals) = postSolution
		SolutionGuid = {D453C11F-E5AB-4CB9-85FE-532E207D925F}
	EndGlobalSection
EndGlobal
